<?xml version="1.0" encoding="utf-8"?>
<Project ToolsVersion="4.0" xmlns="http://schemas.microsoft.com/developer/msbuild/2003">
  <ItemGroup>
    <CudaCompile Include="kernel.cu" />
    <CudaCompile Include="Tests\Tests.cu">
      <Filter>Tests</Filter>
    </CudaCompile>
    <CudaCompile Include="TreeBuildingTests.cu">
      <Filter>Tests</Filter>
    </CudaCompile>
    <CudaCompile Include="GPUTreeCore\GPUTreeBuilder.cu">
      <Filter>GPUTreeCore</Filter>
    </CudaCompile>
    <CudaCompile Include="Tools\Sorting.cu">
      <Filter>Tools</Filter>
    </CudaCompile>
  </ItemGroup>
  <ItemGroup>
    <Filter Include="Tests">
      <UniqueIdentifier>{d07efaa8-edd9-4f9d-8533-7bc02c3c0a31}</UniqueIdentifier>
    </Filter>
    <Filter Include="GPUTreeCore">
      <UniqueIdentifier>{29475411-49f7-4d4d-ace6-0097695a7a8a}</UniqueIdentifier>
    </Filter>
    <Filter Include="Tools">
      <UniqueIdentifier>{e36355ad-94ea-458e-b86a-7df436f16e40}</UniqueIdentifier>
    </Filter>
  </ItemGroup>
  <ItemGroup>
    <ClInclude Include="Tests\Tests.cuh">
      <Filter>Tests</Filter>
    </ClInclude>
    <ClInclude Include="GPUTreeCore\GPUTree.cuh">
      <Filter>GPUTreeCore</Filter>
    </ClInclude>
    <ClInclude Include="Tools\Tools.cuh">
      <Filter>Tools</Filter>
    </ClInclude>
  </ItemGroup>
</Project>